
Microsoft Visual Studio Solution File, Format Version 12.00
# Visual Studio 14
VisualStudioVersion = 14.0.25420.1
MinimumVisualStudioVersion = 10.0.40219.1
Project("{FAE04EC0-301F-11D3-BF4B-00C04F79EFBC}") = "WhatsSay.Core", "WhatsSay.Core\WhatsSay.Core.csproj", "{8D1E07B4-9D19-4689-8110-AC7BEE8A30AE}"
EndProject
Project("{FAE04EC0-301F-11D3-BF4B-00C04F79EFBC}") = "WhatsSay.Droid", "WhatsSay.Droid\WhatsSay.Droid.csproj", "{263A5213-4F62-4D56-905F-1C4E6850636F}"
EndProject
Project("{FAE04EC0-301F-11D3-BF4B-00C04F79EFBC}") = "WhatsSay.Uwp", "WhatsSay.Uwp\WhatsSay.Uwp.csproj", "{4309B8A3-518A-4E62-86EE-5ACD948AEDE8}"
EndProject
Global
	GlobalSection(SolutionConfigurationPlatforms) = preSolution
		Debug|Any CPU = Debug|Any CPU
		Debug|ARM = Debug|ARM
		Debug|x64 = Debug|x64
		Debug|x86 = Debug|x86
		Release|Any CPU = Release|Any CPU
		Release|ARM = Release|ARM
		Release|x64 = Release|x64
		Release|x86 = Release|x86
	EndGlobalSection
	GlobalSection(ProjectConfigurationPlatforms) = postSolution
		{8D1E07B4-9D19-4689-8110-AC7BEE8A30AE}.Debug|Any CPU.ActiveCfg = Debug|Any CPU
		{8D1E07B4-9D19-4689-8110-AC7BEE8A30AE}.Debug|Any CPU.Build.0 = Debug|Any CPU
		{8D1E07B4-9D19-4689-8110-AC7BEE8A30AE}.Debug|ARM.ActiveCfg = Debug|Any CPU
		{8D1E07B4-9D19-4689-8110-AC7BEE8A30AE}.Debug|ARM.Build.0 = Debug|Any CPU
		{8D1E07B4-9D19-4689-8110-AC7BEE8A30AE}.Debug|x64.ActiveCfg = Debug|Any CPU
		{8D1E07B4-9D19-4689-8110-AC7BEE8A30AE}.Debug|x64.Build.0 = Debug|Any CPU
		{8D1E07B4-9D19-4689-8110-AC7BEE8A30AE}.Debug|x86.ActiveCfg = Debug|Any CPU
		{8D1E07B4-9D19-4689-8110-AC7BEE8A30AE}.Debug|x86.Build.0 = Debug|Any CPU
		{8D1E07B4-9D19-4689-8110-AC7BEE8A30AE}.Release|Any CPU.ActiveCfg = Release|Any CPU
		{8D1E07B4-9D19-4689-8110-AC7BEE8A30AE}.Release|Any CPU.Build.0 = Release|Any CPU
		{8D1E07B4-9D19-4689-8110-AC7BEE8A30AE}.Release|ARM.ActiveCfg = Release|Any CPU
		{8D1E07B4-9D19-4689-8110-AC7BEE8A30AE}.Release|ARM.Build.0 = Release|Any CPU
		{8D1E07B4-9D19-4689-8110-AC7BEE8A30AE}.Release|x64.ActiveCfg = Release|Any CPU
		{8D1E07B4-9D19-4689-8110-AC7BEE8A30AE}.Release|x64.Build.0 = Release|Any CPU
		{8D1E07B4-9D19-4689-8110-AC7BEE8A30AE}.Release|x86.ActiveCfg = Release|Any CPU
		{8D1E07B4-9D19-4689-8110-AC7BEE8A30AE}.Release|x86.Build.0 = Release|Any CPU
		{263A5213-4F62-4D56-905F-1C4E6850636F}.Debug|Any CPU.ActiveCfg = Debug|Any CPU
		{263A5213-4F62-4D56-905F-1C4E6850636F}.Debug|Any CPU.Build.0 = Debug|Any CPU
		{263A5213-4F62-4D56-905F-1C4E6850636F}.Debug|Any CPU.Deploy.0 = Debug|Any CPU
		{263A5213-4F62-4D56-905F-1C4E6850636F}.Debug|ARM.ActiveCfg = Debug|Any CPU
		{263A5213-4F62-4D56-905F-1C4E6850636F}.Debug|ARM.Build.0 = Debug|Any CPU
		{263A5213-4F62-4D56-905F-1C4E6850636F}.Debug|ARM.Deploy.0 = Debug|Any CPU
		{263A5213-4F62-4D56-905F-1C4E6850636F}.Debug|x64.ActiveCfg = Debug|Any CPU
		{263A5213-4F62-4D56-905F-1C4E6850636F}.Debug|x64.Build.0 = Debug|Any CPU
		{263A5213-4F62-4D56-905F-1C4E6850636F}.Debug|x64.Deploy.0 = Debug|Any CPU
		{263A5213-4F62-4D56-905F-1C4E6850636F}.Debug|x86.ActiveCfg = Debug|Any CPU
		{263A5213-4F62-4D56-905F-1C4E6850636F}.Debug|x86.Build.0 = Debug|Any CPU
		{263A5213-4F62-4D56-905F-1C4E6850636F}.Debug|x86.Deploy.0 = Debug|Any CPU
		{263A5213-4F62-4D56-905F-1C4E6850636F}.Release|Any CPU.ActiveCfg = Release|Any CPU
		{263A5213-4F62-4D56-905F-1C4E6850636F}.Release|Any CPU.Build.0 = Release|Any CPU
		{263A5213-4F62-4D56-905F-1C4E6850636F}.Release|Any CPU.Deploy.0 = Release|Any CPU
		{263A5213-4F62-4D56-905F-1C4E6850636F}.Release|ARM.ActiveCfg = Release|Any CPU
		{263A5213-4F62-4D56-905F-1C4E6850636F}.Release|ARM.Build.0 = Release|Any CPU
		{263A5213-4F62-4D56-905F-1C4E6850636F}.Release|ARM.Deploy.0 = Release|Any CPU
		{263A5213-4F62-4D56-905F-1C4E6850636F}.Release|x64.ActiveCfg = Release|Any CPU
		{263A5213-4F62-4D56-905F-1C4E6850636F}.Release|x64.Build.0 = Release|Any CPU
		{263A5213-4F62-4D56-905F-1C4E6850636F}.Release|x64.Deploy.0 = Release|Any CPU
		{263A5213-4F62-4D56-905F-1C4E6850636F}.Release|x86.ActiveCfg = Release|Any CPU
		{263A5213-4F62-4D56-905F-1C4E6850636F}.Release|x86.Build.0 = Release|Any CPU
		{263A5213-4F62-4D56-905F-1C4E6850636F}.Release|x86.Deploy.0 = Release|Any CPU
		{4309B8A3-518A-4E62-86EE-5ACD948AEDE8}.Debug|Any CPU.ActiveCfg = Debug|x86
		{4309B8A3-518A-4E62-86EE-5ACD948AEDE8}.Debug|Any CPU.Build.0 = Debug|x86
		{4309B8A3-518A-4E62-86EE-5ACD948AEDE8}.Debug|Any CPU.Deploy.0 = Debug|x86
		{4309B8A3-518A-4E62-86EE-5ACD948AEDE8}.Debug|ARM.ActiveCfg = Debug|ARM
		{4309B8A3-518A-4E62-86EE-5ACD948AEDE8}.Debug|ARM.Build.0 = Debug|ARM
		{4309B8A3-518A-4E62-86EE-5ACD948AEDE8}.Debug|ARM.Deploy.0 = Debug|ARM
		{4309B8A3-518A-4E62-86EE-5ACD948AEDE8}.Debug|x64.ActiveCfg = Debug|x64
		{4309B8A3-518A-4E62-86EE-5ACD948AEDE8}.Debug|x64.Build.0 = Debug|x64
		{4309B8A3-518A-4E62-86EE-5ACD948AEDE8}.Debug|x64.Deploy.0 = Debug|x64
		{4309B8A3-518A-4E62-86EE-5ACD948AEDE8}.Debug|x86.ActiveCfg = Debug|x86
		{4309B8A3-518A-4E62-86EE-5ACD948AEDE8}.Debug|x86.Build.0 = Debug|x86
		{4309B8A3-518A-4E62-86EE-5ACD948AEDE8}.Debug|x86.Deploy.0 = Debug|x86
		{4309B8A3-518A-4E62-86EE-5ACD948AEDE8}.Release|Any CPU.ActiveCfg = Release|x86
		{4309B8A3-518A-4E62-86EE-5ACD948AEDE8}.Release|ARM.ActiveCfg = Release|ARM
		{4309B8A3-518A-4E62-86EE-5ACD948AEDE8}.Release|ARM.Build.0 = Release|ARM
		{4309B8A3-518A-4E62-86EE-5ACD948AEDE8}.Release|ARM.Deploy.0 = Release|ARM
		{4309B8A3-518A-4E62-86EE-5ACD948AEDE8}.Release|x64.ActiveCfg = Release|x64
		{4309B8A3-518A-4E62-86EE-5ACD948AEDE8}.Release|x64.Build.0 = Release|x64
		{4309B8A3-518A-4E62-86EE-5ACD948AEDE8}.Release|x64.Deploy.0 = Release|x64
		{4309B8A3-518A-4E62-86EE-5ACD948AEDE8}.Release|x86.ActiveCfg = Release|x86
		{4309B8A3-518A-4E62-86EE-5ACD948AEDE8}.Release|x86.Build.0 = Release|x86
		{4309B8A3-518A-4E62-86EE-5ACD948AEDE8}.Release|x86.Deploy.0 = Release|x86
	EndGlobalSection
	GlobalSection(SolutionProperties) = preSolution
		HideSolutionNode = FALSE
	EndGlobalSection
EndGlobal
